
Microsoft Visual Studio Solution File, Format Version 12.00
# Visual Studio Version 17
VisualStudioVersion = 17.0.31903.59
MinimumVisualStudioVersion = 10.0.40219.1
Project("{FAE04EC0-301F-11D3-BF4B-00C04F79EFBC}") = "HVO.WebSite.Themes", "HVO.WebSite.Themes\HVO.WebSite.Themes.csproj", "{D2FF5626-5625-4361-9DF4-BFAC106ADDF4}"
EndProject
Project("{2150E333-8FDC-42A3-9474-1A3956D46DE8}") = "HVO.Iot", "HVO.Iot", "{67B8A1D2-5A50-5736-52DD-9D9A34D0DA04}"
EndProject
Project("{FAE04EC0-301F-11D3-BF4B-00C04F79EFBC}") = "HVO.Iot.Devices.Tests", "HVO.Iot\HVO.Iot.Devices.Tests\HVO.Iot.Devices.Tests.csproj", "{C6060653-9E5F-419A-A99E-4EE993432869}"
EndProject
Project("{FAE04EC0-301F-11D3-BF4B-00C04F79EFBC}") = "HVO.Iot.Devices", "HVO.Iot\HVO.Iot.Devices\HVO.Iot.Devices.csproj", "{8F5BE0E9-5837-4936-AF5B-C455A80966A4}"
EndProject
Project("{2150E333-8FDC-42A3-9474-1A3956D46DE8}") = "HVO.WebSite", "HVO.WebSite", "{E1946B8B-9621-72C3-A77D-A6124974051D}"
EndProject
Project("{FAE04EC0-301F-11D3-BF4B-00C04F79EFBC}") = "HVO.WebSite.Playground.Tests", "HVO.WebSite\HVO.WebSite.Playground.Tests\HVO.WebSite.Playground.Tests.csproj", "{ABE0AB9C-C889-44FB-B688-895B572D5900}"
EndProject
Project("{FAE04EC0-301F-11D3-BF4B-00C04F79EFBC}") = "HVO.WebSite.v9", "HVO.WebSite\HVO.WebSite.v9\HVO.WebSite.v9.csproj", "{88B5EC33-B84A-4630-A618-A84F9D1FA926}"
EndProject
Project("{FAE04EC0-301F-11D3-BF4B-00C04F79EFBC}") = "HVO.WebSite.Playground", "HVO.WebSite\HVO.WebSite.Playground\HVO.WebSite.Playground.csproj", "{732FC8FE-57F3-49CD-A3A2-0D9D0FF510AA}"
EndProject
Project("{2150E333-8FDC-42A3-9474-1A3956D46DE8}") = "HVO.ZWOOptical", "HVO.ZWOOptical", "{0DB07EDC-AFDA-8452-3367-F069F3762722}"
EndProject
Project("{FAE04EC0-301F-11D3-BF4B-00C04F79EFBC}") = "HVO.ZWOOptical.ASISDK", "HVO.ZWOOptical\HVO.ZWOOptical.ASISDK\HVO.ZWOOptical.ASISDK.csproj", "{084E971E-4006-4BC9-BB46-DB749DAA4114}"
EndProject
Project("{FAE04EC0-301F-11D3-BF4B-00C04F79EFBC}") = "HVO", "HVO\HVO.csproj", "{3E56CC00-E90C-483D-96B4-C633728A8500}"
EndProject
Project("{2150E333-8FDC-42A3-9474-1A3956D46DE8}") = "HVO.RoofControllerV4", "HVO.RoofControllerV4", "{50CD010F-40D4-1449-534B-5C79CC5DAE27}"
EndProject
Project("{FAE04EC0-301F-11D3-BF4B-00C04F79EFBC}") = "HVO.RoofControllerV4.Common", "HVO.RoofControllerV4\HVO.RoofControllerV4.Common\HVO.RoofControllerV4.Common.csproj", "{A51EEC6C-7844-44BC-BDC8-FA8688A19D20}"
EndProject
Project("{FAE04EC0-301F-11D3-BF4B-00C04F79EFBC}") = "HVO.RoofControllerV4.RPi", "HVO.RoofControllerV4\HVO.RoofControllerV4.RPi\HVO.RoofControllerV4.RPi.csproj", "{D90DD713-CF53-4D36-809A-4E6C4B5CFAD9}"
EndProject
Project("{FAE04EC0-301F-11D3-BF4B-00C04F79EFBC}") = "HVO.RoofControllerV4.RPi.Tests", "HVO.RoofControllerV4\HVO.RoofControllerV4.RPi.Tests\HVO.RoofControllerV4.RPi.Tests.csproj", "{604ECA49-3C93-4169-B698-EAC6508E8420}"
EndProject
Project("{FAE04EC0-301F-11D3-BF4B-00C04F79EFBC}") = "HVO.DataModels", "HVO.DataModels\HVO.DataModels.csproj", "{6BE19147-A597-4DF1-8F19-C0D827A5C691}"
EndProject
Project("{2150E333-8FDC-42A3-9474-1A3956D46DE8}") = "HVO.Playground", "HVO.Playground", "{E62FCD5F-F89D-73B8-D1F6-28D451B68C72}"
EndProject
Project("{FAE04EC0-301F-11D3-BF4B-00C04F79EFBC}") = "HVO.GpioTestApp", "HVO.Playground\HVO.GpioTestApp\HVO.GpioTestApp.csproj", "{7A92049B-F4B3-4B33-B927-C8F6787FB175}"
EndProject
Project("{FAE04EC0-301F-11D3-BF4B-00C04F79EFBC}") = "HVO.Playground.CLI", "HVO.Playground\HVO.Playground.CLI\HVO.Playground.CLI.csproj", "{516E7109-7F83-4BE3-B265-291412BF7086}"
EndProject
Project("{2150E333-8FDC-42A3-9474-1A3956D46DE8}") = "HVO.Astronomy", "HVO.Astronomy", "{CFA65404-C589-CB6D-8894-DB0340D61797}"
EndProject
Project("{FAE04EC0-301F-11D3-BF4B-00C04F79EFBC}") = "HVO.Astronomy.CFITSIO.VersionProbe", "HVO.Astronomy\HVO.Astronomy.CFITSIO.VersionProbe\HVO.Astronomy.CFITSIO.VersionProbe.csproj", "{CBC104AC-4D2E-4BFD-BC77-07145B6ADA27}"
EndProject
Project("{FAE04EC0-301F-11D3-BF4B-00C04F79EFBC}") = "HVO.Astronomy.CFITSIO", "HVO.Astronomy\HVO.Astronomy.CFITSIO\HVO.Astronomy.CFITSIO.csproj", "{83F25EDF-A1F1-4D18-85E5-D1F4B794DA5D}"
EndProject
Project("{FAE04EC0-301F-11D3-BF4B-00C04F79EFBC}") = "HVO.Astronomy.CFITSIO.Tests", "HVO.Astronomy\HVO.Astronomy.CFITSIO.Tests\HVO.Astronomy.CFITSIO.Tests.csproj", "{C86401D1-C0D2-464F-9EF0-DEA51FAA4B72}"
EndProject
Project("{FAE04EC0-301F-11D3-BF4B-00C04F79EFBC}") = "HVO.Astronomy.CFITSIO.NativeAssets", "HVO.Astronomy\HVO.Astronomy.CFITSIO.NativeAssets\HVO.Astronomy.CFITSIO.NativeAssets.csproj", "{6121B8DF-DC5A-42AE-A429-22C8FC4C7A03}"
EndProject
Project("{2150E333-8FDC-42A3-9474-1A3956D46DE8}") = "HVO.SkyMonitorV5", "HVO.SkyMonitorV5", "{5CFE8942-1CA3-BC22-74BA-7D9B1B847685}"
EndProject
Project("{FAE04EC0-301F-11D3-BF4B-00C04F79EFBC}") = "HVO.SkyMonitorV5.RPi.Stress", "HVO.SkyMonitorV5\HVO.SkyMonitorV5.RPi.Stress\HVO.SkyMonitorV5.RPi.Stress.csproj", "{579FC16B-6F9E-4DAC-95C3-E4FAFA734333}"
EndProject
Project("{FAE04EC0-301F-11D3-BF4B-00C04F79EFBC}") = "HVO.SkyMonitorV5.RPi", "HVO.SkyMonitorV5\HVO.SkyMonitorV5.RPi\HVO.SkyMonitorV5.RPi.csproj", "{9F47042B-2193-403B-B5AA-44022F2A724D}"
EndProject
Project("{FAE04EC0-301F-11D3-BF4B-00C04F79EFBC}") = "HVO.SkyMonitorV5.Data", "HVO.SkyMonitorV5\HVO.SkyMonitorV5.Data\HVO.SkyMonitorV5.Data.csproj", "{2071ADD0-9FDE-4855-AE5C-71B224403346}"
EndProject
Project("{FAE04EC0-301F-11D3-BF4B-00C04F79EFBC}") = "HVO.SkyMonitorV5.RPi.Tests", "HVO.SkyMonitorV5\HVO.SkyMonitorV5.RPi.Tests\HVO.SkyMonitorV5.RPi.Tests.csproj", "{2F531A29-6C30-43B6-B638-EA3AD70EA2D5}"
EndProject
Project("{FAE04EC0-301F-11D3-BF4B-00C04F79EFBC}") = "HVO.SourceGenerators", "HVO.SourceGenerators\HVO.SourceGenerators.csproj", "{639B2E49-B75A-414B-BB4F-B2C9393E67F3}"
EndProject
Project("{2150E333-8FDC-42A3-9474-1A3956D46DE8}") = "HVO.SkyMonitorV4", "HVO.SkyMonitorV4", "{60CBB05A-DC1E-B0BC-7C53-816C24F296FF}"
EndProject
Project("{FAE04EC0-301F-11D3-BF4B-00C04F79EFBC}") = "HVO.SkyMonitorV4.CLI", "HVO.SkyMonitorV4\HVO.SkyMonitorV4.CLI\HVO.SkyMonitorV4.CLI.csproj", "{0A6548C8-1339-4CD2-AAE6-52D44DD659C6}"
EndProject
Project("{FAE04EC0-301F-11D3-BF4B-00C04F79EFBC}") = "HVO.SkyMonitorV4.RPi", "HVO.SkyMonitorV4\HVO.SkyMonitorV4.RPi\HVO.SkyMonitorV4.RPi.csproj", "{53392BA9-88C1-4764-A74B-EFE964CA9483}"
EndProject
Project("{2150E333-8FDC-42A3-9474-1A3956D46DE8}") = "HVO.NINA", "HVO.NINA", "{8A5C2E4B-4E88-99D5-2855-F0599E5AA6BB}"
EndProject
Project("{FAE04EC0-301F-11D3-BF4B-00C04F79EFBC}") = "HVO.NinaClient", "HVO.NINA\HVO.NinaClient\HVO.NinaClient.csproj", "{C15DB2A3-07B1-487A-AED8-46F2712074B2}"
EndProject
Global
	GlobalSection(SolutionConfigurationPlatforms) = preSolution
		Debug|Any CPU = Debug|Any CPU
		Debug|x64 = Debug|x64
		Debug|x86 = Debug|x86
		Release|Any CPU = Release|Any CPU
		Release|x64 = Release|x64
		Release|x86 = Release|x86
	EndGlobalSection
	GlobalSection(ProjectConfigurationPlatforms) = postSolution
		{D2FF5626-5625-4361-9DF4-BFAC106ADDF4}.Debug|Any CPU.ActiveCfg = Debug|Any CPU
		{D2FF5626-5625-4361-9DF4-BFAC106ADDF4}.Debug|Any CPU.Build.0 = Debug|Any CPU
		{D2FF5626-5625-4361-9DF4-BFAC106ADDF4}.Debug|x64.ActiveCfg = Debug|Any CPU
		{D2FF5626-5625-4361-9DF4-BFAC106ADDF4}.Debug|x64.Build.0 = Debug|Any CPU
		{D2FF5626-5625-4361-9DF4-BFAC106ADDF4}.Debug|x86.ActiveCfg = Debug|Any CPU
		{D2FF5626-5625-4361-9DF4-BFAC106ADDF4}.Debug|x86.Build.0 = Debug|Any CPU
		{D2FF5626-5625-4361-9DF4-BFAC106ADDF4}.Release|Any CPU.ActiveCfg = Release|Any CPU
		{D2FF5626-5625-4361-9DF4-BFAC106ADDF4}.Release|Any CPU.Build.0 = Release|Any CPU
		{D2FF5626-5625-4361-9DF4-BFAC106ADDF4}.Release|x64.ActiveCfg = Release|Any CPU
		{D2FF5626-5625-4361-9DF4-BFAC106ADDF4}.Release|x64.Build.0 = Release|Any CPU
		{D2FF5626-5625-4361-9DF4-BFAC106ADDF4}.Release|x86.ActiveCfg = Release|Any CPU
		{D2FF5626-5625-4361-9DF4-BFAC106ADDF4}.Release|x86.Build.0 = Release|Any CPU
		{C6060653-9E5F-419A-A99E-4EE993432869}.Debug|Any CPU.ActiveCfg = Debug|Any CPU
		{C6060653-9E5F-419A-A99E-4EE993432869}.Debug|Any CPU.Build.0 = Debug|Any CPU
		{C6060653-9E5F-419A-A99E-4EE993432869}.Debug|x64.ActiveCfg = Debug|Any CPU
		{C6060653-9E5F-419A-A99E-4EE993432869}.Debug|x64.Build.0 = Debug|Any CPU
		{C6060653-9E5F-419A-A99E-4EE993432869}.Debug|x86.ActiveCfg = Debug|Any CPU
		{C6060653-9E5F-419A-A99E-4EE993432869}.Debug|x86.Build.0 = Debug|Any CPU
		{C6060653-9E5F-419A-A99E-4EE993432869}.Release|Any CPU.ActiveCfg = Release|Any CPU
		{C6060653-9E5F-419A-A99E-4EE993432869}.Release|Any CPU.Build.0 = Release|Any CPU
		{C6060653-9E5F-419A-A99E-4EE993432869}.Release|x64.ActiveCfg = Release|Any CPU
		{C6060653-9E5F-419A-A99E-4EE993432869}.Release|x64.Build.0 = Release|Any CPU
		{C6060653-9E5F-419A-A99E-4EE993432869}.Release|x86.ActiveCfg = Release|Any CPU
		{C6060653-9E5F-419A-A99E-4EE993432869}.Release|x86.Build.0 = Release|Any CPU
		{8F5BE0E9-5837-4936-AF5B-C455A80966A4}.Debug|Any CPU.ActiveCfg = Debug|Any CPU
		{8F5BE0E9-5837-4936-AF5B-C455A80966A4}.Debug|Any CPU.Build.0 = Debug|Any CPU
		{8F5BE0E9-5837-4936-AF5B-C455A80966A4}.Debug|x64.ActiveCfg = Debug|Any CPU
		{8F5BE0E9-5837-4936-AF5B-C455A80966A4}.Debug|x64.Build.0 = Debug|Any CPU
		{8F5BE0E9-5837-4936-AF5B-C455A80966A4}.Debug|x86.ActiveCfg = Debug|Any CPU
		{8F5BE0E9-5837-4936-AF5B-C455A80966A4}.Debug|x86.Build.0 = Debug|Any CPU
		{8F5BE0E9-5837-4936-AF5B-C455A80966A4}.Release|Any CPU.ActiveCfg = Release|Any CPU
		{8F5BE0E9-5837-4936-AF5B-C455A80966A4}.Release|Any CPU.Build.0 = Release|Any CPU
		{8F5BE0E9-5837-4936-AF5B-C455A80966A4}.Release|x64.ActiveCfg = Release|Any CPU
		{8F5BE0E9-5837-4936-AF5B-C455A80966A4}.Release|x64.Build.0 = Release|Any CPU
		{8F5BE0E9-5837-4936-AF5B-C455A80966A4}.Release|x86.ActiveCfg = Release|Any CPU
		{8F5BE0E9-5837-4936-AF5B-C455A80966A4}.Release|x86.Build.0 = Release|Any CPU
		{ABE0AB9C-C889-44FB-B688-895B572D5900}.Debug|Any CPU.ActiveCfg = Debug|Any CPU
		{ABE0AB9C-C889-44FB-B688-895B572D5900}.Debug|Any CPU.Build.0 = Debug|Any CPU
		{ABE0AB9C-C889-44FB-B688-895B572D5900}.Debug|x64.ActiveCfg = Debug|Any CPU
		{ABE0AB9C-C889-44FB-B688-895B572D5900}.Debug|x64.Build.0 = Debug|Any CPU
		{ABE0AB9C-C889-44FB-B688-895B572D5900}.Debug|x86.ActiveCfg = Debug|Any CPU
		{ABE0AB9C-C889-44FB-B688-895B572D5900}.Debug|x86.Build.0 = Debug|Any CPU
		{ABE0AB9C-C889-44FB-B688-895B572D5900}.Release|Any CPU.ActiveCfg = Release|Any CPU
		{ABE0AB9C-C889-44FB-B688-895B572D5900}.Release|Any CPU.Build.0 = Release|Any CPU
		{ABE0AB9C-C889-44FB-B688-895B572D5900}.Release|x64.ActiveCfg = Release|Any CPU
		{ABE0AB9C-C889-44FB-B688-895B572D5900}.Release|x64.Build.0 = Release|Any CPU
		{ABE0AB9C-C889-44FB-B688-895B572D5900}.Release|x86.ActiveCfg = Release|Any CPU
		{ABE0AB9C-C889-44FB-B688-895B572D5900}.Release|x86.Build.0 = Release|Any CPU
		{88B5EC33-B84A-4630-A618-A84F9D1FA926}.Debug|Any CPU.ActiveCfg = Debug|Any CPU
		{88B5EC33-B84A-4630-A618-A84F9D1FA926}.Debug|Any CPU.Build.0 = Debug|Any CPU
		{88B5EC33-B84A-4630-A618-A84F9D1FA926}.Debug|x64.ActiveCfg = Debug|Any CPU
		{88B5EC33-B84A-4630-A618-A84F9D1FA926}.Debug|x64.Build.0 = Debug|Any CPU
		{88B5EC33-B84A-4630-A618-A84F9D1FA926}.Debug|x86.ActiveCfg = Debug|Any CPU
		{88B5EC33-B84A-4630-A618-A84F9D1FA926}.Debug|x86.Build.0 = Debug|Any CPU
		{88B5EC33-B84A-4630-A618-A84F9D1FA926}.Release|Any CPU.ActiveCfg = Release|Any CPU
		{88B5EC33-B84A-4630-A618-A84F9D1FA926}.Release|Any CPU.Build.0 = Release|Any CPU
		{88B5EC33-B84A-4630-A618-A84F9D1FA926}.Release|x64.ActiveCfg = Release|Any CPU
		{88B5EC33-B84A-4630-A618-A84F9D1FA926}.Release|x64.Build.0 = Release|Any CPU
		{88B5EC33-B84A-4630-A618-A84F9D1FA926}.Release|x86.ActiveCfg = Release|Any CPU
		{88B5EC33-B84A-4630-A618-A84F9D1FA926}.Release|x86.Build.0 = Release|Any CPU
		{732FC8FE-57F3-49CD-A3A2-0D9D0FF510AA}.Debug|Any CPU.ActiveCfg = Debug|Any CPU
		{732FC8FE-57F3-49CD-A3A2-0D9D0FF510AA}.Debug|Any CPU.Build.0 = Debug|Any CPU
		{732FC8FE-57F3-49CD-A3A2-0D9D0FF510AA}.Debug|x64.ActiveCfg = Debug|Any CPU
		{732FC8FE-57F3-49CD-A3A2-0D9D0FF510AA}.Debug|x64.Build.0 = Debug|Any CPU
		{732FC8FE-57F3-49CD-A3A2-0D9D0FF510AA}.Debug|x86.ActiveCfg = Debug|Any CPU
		{732FC8FE-57F3-49CD-A3A2-0D9D0FF510AA}.Debug|x86.Build.0 = Debug|Any CPU
		{732FC8FE-57F3-49CD-A3A2-0D9D0FF510AA}.Release|Any CPU.ActiveCfg = Release|Any CPU
		{732FC8FE-57F3-49CD-A3A2-0D9D0FF510AA}.Release|Any CPU.Build.0 = Release|Any CPU
		{732FC8FE-57F3-49CD-A3A2-0D9D0FF510AA}.Release|x64.ActiveCfg = Release|Any CPU
		{732FC8FE-57F3-49CD-A3A2-0D9D0FF510AA}.Release|x64.Build.0 = Release|Any CPU
		{732FC8FE-57F3-49CD-A3A2-0D9D0FF510AA}.Release|x86.ActiveCfg = Release|Any CPU
		{732FC8FE-57F3-49CD-A3A2-0D9D0FF510AA}.Release|x86.Build.0 = Release|Any CPU
		{084E971E-4006-4BC9-BB46-DB749DAA4114}.Debug|Any CPU.ActiveCfg = Debug|Any CPU
		{084E971E-4006-4BC9-BB46-DB749DAA4114}.Debug|Any CPU.Build.0 = Debug|Any CPU
		{084E971E-4006-4BC9-BB46-DB749DAA4114}.Debug|x64.ActiveCfg = Debug|Any CPU
		{084E971E-4006-4BC9-BB46-DB749DAA4114}.Debug|x64.Build.0 = Debug|Any CPU
		{084E971E-4006-4BC9-BB46-DB749DAA4114}.Debug|x86.ActiveCfg = Debug|Any CPU
		{084E971E-4006-4BC9-BB46-DB749DAA4114}.Debug|x86.Build.0 = Debug|Any CPU
		{084E971E-4006-4BC9-BB46-DB749DAA4114}.Release|Any CPU.ActiveCfg = Release|Any CPU
		{084E971E-4006-4BC9-BB46-DB749DAA4114}.Release|Any CPU.Build.0 = Release|Any CPU
		{084E971E-4006-4BC9-BB46-DB749DAA4114}.Release|x64.ActiveCfg = Release|Any CPU
		{084E971E-4006-4BC9-BB46-DB749DAA4114}.Release|x64.Build.0 = Release|Any CPU
		{084E971E-4006-4BC9-BB46-DB749DAA4114}.Release|x86.ActiveCfg = Release|Any CPU
		{084E971E-4006-4BC9-BB46-DB749DAA4114}.Release|x86.Build.0 = Release|Any CPU
		{3E56CC00-E90C-483D-96B4-C633728A8500}.Debug|Any CPU.ActiveCfg = Debug|Any CPU
		{3E56CC00-E90C-483D-96B4-C633728A8500}.Debug|Any CPU.Build.0 = Debug|Any CPU
		{3E56CC00-E90C-483D-96B4-C633728A8500}.Debug|x64.ActiveCfg = Debug|Any CPU
		{3E56CC00-E90C-483D-96B4-C633728A8500}.Debug|x64.Build.0 = Debug|Any CPU
		{3E56CC00-E90C-483D-96B4-C633728A8500}.Debug|x86.ActiveCfg = Debug|Any CPU
		{3E56CC00-E90C-483D-96B4-C633728A8500}.Debug|x86.Build.0 = Debug|Any CPU
		{3E56CC00-E90C-483D-96B4-C633728A8500}.Release|Any CPU.ActiveCfg = Release|Any CPU
		{3E56CC00-E90C-483D-96B4-C633728A8500}.Release|Any CPU.Build.0 = Release|Any CPU
		{3E56CC00-E90C-483D-96B4-C633728A8500}.Release|x64.ActiveCfg = Release|Any CPU
		{3E56CC00-E90C-483D-96B4-C633728A8500}.Release|x64.Build.0 = Release|Any CPU
		{3E56CC00-E90C-483D-96B4-C633728A8500}.Release|x86.ActiveCfg = Release|Any CPU
		{3E56CC00-E90C-483D-96B4-C633728A8500}.Release|x86.Build.0 = Release|Any CPU
		{A51EEC6C-7844-44BC-BDC8-FA8688A19D20}.Debug|Any CPU.ActiveCfg = Debug|Any CPU
		{A51EEC6C-7844-44BC-BDC8-FA8688A19D20}.Debug|Any CPU.Build.0 = Debug|Any CPU
		{A51EEC6C-7844-44BC-BDC8-FA8688A19D20}.Debug|x64.ActiveCfg = Debug|Any CPU
		{A51EEC6C-7844-44BC-BDC8-FA8688A19D20}.Debug|x64.Build.0 = Debug|Any CPU
		{A51EEC6C-7844-44BC-BDC8-FA8688A19D20}.Debug|x86.ActiveCfg = Debug|Any CPU
		{A51EEC6C-7844-44BC-BDC8-FA8688A19D20}.Debug|x86.Build.0 = Debug|Any CPU
		{A51EEC6C-7844-44BC-BDC8-FA8688A19D20}.Release|Any CPU.ActiveCfg = Release|Any CPU
		{A51EEC6C-7844-44BC-BDC8-FA8688A19D20}.Release|Any CPU.Build.0 = Release|Any CPU
		{A51EEC6C-7844-44BC-BDC8-FA8688A19D20}.Release|x64.ActiveCfg = Release|Any CPU
		{A51EEC6C-7844-44BC-BDC8-FA8688A19D20}.Release|x64.Build.0 = Release|Any CPU
		{A51EEC6C-7844-44BC-BDC8-FA8688A19D20}.Release|x86.ActiveCfg = Release|Any CPU
		{A51EEC6C-7844-44BC-BDC8-FA8688A19D20}.Release|x86.Build.0 = Release|Any CPU
		{D90DD713-CF53-4D36-809A-4E6C4B5CFAD9}.Debug|Any CPU.ActiveCfg = Debug|Any CPU
		{D90DD713-CF53-4D36-809A-4E6C4B5CFAD9}.Debug|Any CPU.Build.0 = Debug|Any CPU
		{D90DD713-CF53-4D36-809A-4E6C4B5CFAD9}.Debug|x64.ActiveCfg = Debug|Any CPU
		{D90DD713-CF53-4D36-809A-4E6C4B5CFAD9}.Debug|x64.Build.0 = Debug|Any CPU
		{D90DD713-CF53-4D36-809A-4E6C4B5CFAD9}.Debug|x86.ActiveCfg = Debug|Any CPU
		{D90DD713-CF53-4D36-809A-4E6C4B5CFAD9}.Debug|x86.Build.0 = Debug|Any CPU
		{D90DD713-CF53-4D36-809A-4E6C4B5CFAD9}.Release|Any CPU.ActiveCfg = Release|Any CPU
		{D90DD713-CF53-4D36-809A-4E6C4B5CFAD9}.Release|Any CPU.Build.0 = Release|Any CPU
		{D90DD713-CF53-4D36-809A-4E6C4B5CFAD9}.Release|x64.ActiveCfg = Release|Any CPU
		{D90DD713-CF53-4D36-809A-4E6C4B5CFAD9}.Release|x64.Build.0 = Release|Any CPU
		{D90DD713-CF53-4D36-809A-4E6C4B5CFAD9}.Release|x86.ActiveCfg = Release|Any CPU
		{D90DD713-CF53-4D36-809A-4E6C4B5CFAD9}.Release|x86.Build.0 = Release|Any CPU
		{604ECA49-3C93-4169-B698-EAC6508E8420}.Debug|Any CPU.ActiveCfg = Debug|Any CPU
		{604ECA49-3C93-4169-B698-EAC6508E8420}.Debug|Any CPU.Build.0 = Debug|Any CPU
		{604ECA49-3C93-4169-B698-EAC6508E8420}.Debug|x64.ActiveCfg = Debug|Any CPU
		{604ECA49-3C93-4169-B698-EAC6508E8420}.Debug|x64.Build.0 = Debug|Any CPU
		{604ECA49-3C93-4169-B698-EAC6508E8420}.Debug|x86.ActiveCfg = Debug|Any CPU
		{604ECA49-3C93-4169-B698-EAC6508E8420}.Debug|x86.Build.0 = Debug|Any CPU
		{604ECA49-3C93-4169-B698-EAC6508E8420}.Release|Any CPU.ActiveCfg = Release|Any CPU
		{604ECA49-3C93-4169-B698-EAC6508E8420}.Release|Any CPU.Build.0 = Release|Any CPU
		{604ECA49-3C93-4169-B698-EAC6508E8420}.Release|x64.ActiveCfg = Release|Any CPU
		{604ECA49-3C93-4169-B698-EAC6508E8420}.Release|x64.Build.0 = Release|Any CPU
		{604ECA49-3C93-4169-B698-EAC6508E8420}.Release|x86.ActiveCfg = Release|Any CPU
		{604ECA49-3C93-4169-B698-EAC6508E8420}.Release|x86.Build.0 = Release|Any CPU
		{6BE19147-A597-4DF1-8F19-C0D827A5C691}.Debug|Any CPU.ActiveCfg = Debug|Any CPU
		{6BE19147-A597-4DF1-8F19-C0D827A5C691}.Debug|Any CPU.Build.0 = Debug|Any CPU
		{6BE19147-A597-4DF1-8F19-C0D827A5C691}.Debug|x64.ActiveCfg = Debug|Any CPU
		{6BE19147-A597-4DF1-8F19-C0D827A5C691}.Debug|x64.Build.0 = Debug|Any CPU
		{6BE19147-A597-4DF1-8F19-C0D827A5C691}.Debug|x86.ActiveCfg = Debug|Any CPU
		{6BE19147-A597-4DF1-8F19-C0D827A5C691}.Debug|x86.Build.0 = Debug|Any CPU
		{6BE19147-A597-4DF1-8F19-C0D827A5C691}.Release|Any CPU.ActiveCfg = Release|Any CPU
		{6BE19147-A597-4DF1-8F19-C0D827A5C691}.Release|Any CPU.Build.0 = Release|Any CPU
		{6BE19147-A597-4DF1-8F19-C0D827A5C691}.Release|x64.ActiveCfg = Release|Any CPU
		{6BE19147-A597-4DF1-8F19-C0D827A5C691}.Release|x64.Build.0 = Release|Any CPU
		{6BE19147-A597-4DF1-8F19-C0D827A5C691}.Release|x86.ActiveCfg = Release|Any CPU
		{6BE19147-A597-4DF1-8F19-C0D827A5C691}.Release|x86.Build.0 = Release|Any CPU
		{7A92049B-F4B3-4B33-B927-C8F6787FB175}.Debug|Any CPU.ActiveCfg = Debug|Any CPU
		{7A92049B-F4B3-4B33-B927-C8F6787FB175}.Debug|Any CPU.Build.0 = Debug|Any CPU
		{7A92049B-F4B3-4B33-B927-C8F6787FB175}.Debug|x64.ActiveCfg = Debug|Any CPU
		{7A92049B-F4B3-4B33-B927-C8F6787FB175}.Debug|x64.Build.0 = Debug|Any CPU
		{7A92049B-F4B3-4B33-B927-C8F6787FB175}.Debug|x86.ActiveCfg = Debug|Any CPU
		{7A92049B-F4B3-4B33-B927-C8F6787FB175}.Debug|x86.Build.0 = Debug|Any CPU
		{7A92049B-F4B3-4B33-B927-C8F6787FB175}.Release|Any CPU.ActiveCfg = Release|Any CPU
		{7A92049B-F4B3-4B33-B927-C8F6787FB175}.Release|Any CPU.Build.0 = Release|Any CPU
		{7A92049B-F4B3-4B33-B927-C8F6787FB175}.Release|x64.ActiveCfg = Release|Any CPU
		{7A92049B-F4B3-4B33-B927-C8F6787FB175}.Release|x64.Build.0 = Release|Any CPU
		{7A92049B-F4B3-4B33-B927-C8F6787FB175}.Release|x86.ActiveCfg = Release|Any CPU
		{7A92049B-F4B3-4B33-B927-C8F6787FB175}.Release|x86.Build.0 = Release|Any CPU
		{516E7109-7F83-4BE3-B265-291412BF7086}.Debug|Any CPU.ActiveCfg = Debug|Any CPU
		{516E7109-7F83-4BE3-B265-291412BF7086}.Debug|Any CPU.Build.0 = Debug|Any CPU
		{516E7109-7F83-4BE3-B265-291412BF7086}.Debug|x64.ActiveCfg = Debug|Any CPU
		{516E7109-7F83-4BE3-B265-291412BF7086}.Debug|x64.Build.0 = Debug|Any CPU
		{516E7109-7F83-4BE3-B265-291412BF7086}.Debug|x86.ActiveCfg = Debug|Any CPU
		{516E7109-7F83-4BE3-B265-291412BF7086}.Debug|x86.Build.0 = Debug|Any CPU
		{516E7109-7F83-4BE3-B265-291412BF7086}.Release|Any CPU.ActiveCfg = Release|Any CPU
		{516E7109-7F83-4BE3-B265-291412BF7086}.Release|Any CPU.Build.0 = Release|Any CPU
		{516E7109-7F83-4BE3-B265-291412BF7086}.Release|x64.ActiveCfg = Release|Any CPU
		{516E7109-7F83-4BE3-B265-291412BF7086}.Release|x64.Build.0 = Release|Any CPU
		{516E7109-7F83-4BE3-B265-291412BF7086}.Release|x86.ActiveCfg = Release|Any CPU
		{516E7109-7F83-4BE3-B265-291412BF7086}.Release|x86.Build.0 = Release|Any CPU
		{CBC104AC-4D2E-4BFD-BC77-07145B6ADA27}.Debug|Any CPU.ActiveCfg = Debug|Any CPU
		{CBC104AC-4D2E-4BFD-BC77-07145B6ADA27}.Debug|Any CPU.Build.0 = Debug|Any CPU
		{CBC104AC-4D2E-4BFD-BC77-07145B6ADA27}.Debug|x64.ActiveCfg = Debug|Any CPU
		{CBC104AC-4D2E-4BFD-BC77-07145B6ADA27}.Debug|x64.Build.0 = Debug|Any CPU
		{CBC104AC-4D2E-4BFD-BC77-07145B6ADA27}.Debug|x86.ActiveCfg = Debug|Any CPU
		{CBC104AC-4D2E-4BFD-BC77-07145B6ADA27}.Debug|x86.Build.0 = Debug|Any CPU
		{CBC104AC-4D2E-4BFD-BC77-07145B6ADA27}.Release|Any CPU.ActiveCfg = Release|Any CPU
		{CBC104AC-4D2E-4BFD-BC77-07145B6ADA27}.Release|Any CPU.Build.0 = Release|Any CPU
		{CBC104AC-4D2E-4BFD-BC77-07145B6ADA27}.Release|x64.ActiveCfg = Release|Any CPU
		{CBC104AC-4D2E-4BFD-BC77-07145B6ADA27}.Release|x64.Build.0 = Release|Any CPU
		{CBC104AC-4D2E-4BFD-BC77-07145B6ADA27}.Release|x86.ActiveCfg = Release|Any CPU
		{CBC104AC-4D2E-4BFD-BC77-07145B6ADA27}.Release|x86.Build.0 = Release|Any CPU
		{83F25EDF-A1F1-4D18-85E5-D1F4B794DA5D}.Debug|Any CPU.ActiveCfg = Debug|Any CPU
		{83F25EDF-A1F1-4D18-85E5-D1F4B794DA5D}.Debug|Any CPU.Build.0 = Debug|Any CPU
		{83F25EDF-A1F1-4D18-85E5-D1F4B794DA5D}.Debug|x64.ActiveCfg = Debug|Any CPU
		{83F25EDF-A1F1-4D18-85E5-D1F4B794DA5D}.Debug|x64.Build.0 = Debug|Any CPU
		{83F25EDF-A1F1-4D18-85E5-D1F4B794DA5D}.Debug|x86.ActiveCfg = Debug|Any CPU
		{83F25EDF-A1F1-4D18-85E5-D1F4B794DA5D}.Debug|x86.Build.0 = Debug|Any CPU
		{83F25EDF-A1F1-4D18-85E5-D1F4B794DA5D}.Release|Any CPU.ActiveCfg = Release|Any CPU
		{83F25EDF-A1F1-4D18-85E5-D1F4B794DA5D}.Release|Any CPU.Build.0 = Release|Any CPU
		{83F25EDF-A1F1-4D18-85E5-D1F4B794DA5D}.Release|x64.ActiveCfg = Release|Any CPU
		{83F25EDF-A1F1-4D18-85E5-D1F4B794DA5D}.Release|x64.Build.0 = Release|Any CPU
		{83F25EDF-A1F1-4D18-85E5-D1F4B794DA5D}.Release|x86.ActiveCfg = Release|Any CPU
		{83F25EDF-A1F1-4D18-85E5-D1F4B794DA5D}.Release|x86.Build.0 = Release|Any CPU
		{C86401D1-C0D2-464F-9EF0-DEA51FAA4B72}.Debug|Any CPU.ActiveCfg = Debug|Any CPU
		{C86401D1-C0D2-464F-9EF0-DEA51FAA4B72}.Debug|Any CPU.Build.0 = Debug|Any CPU
		{C86401D1-C0D2-464F-9EF0-DEA51FAA4B72}.Debug|x64.ActiveCfg = Debug|Any CPU
		{C86401D1-C0D2-464F-9EF0-DEA51FAA4B72}.Debug|x64.Build.0 = Debug|Any CPU
		{C86401D1-C0D2-464F-9EF0-DEA51FAA4B72}.Debug|x86.ActiveCfg = Debug|Any CPU
		{C86401D1-C0D2-464F-9EF0-DEA51FAA4B72}.Debug|x86.Build.0 = Debug|Any CPU
		{C86401D1-C0D2-464F-9EF0-DEA51FAA4B72}.Release|Any CPU.ActiveCfg = Release|Any CPU
		{C86401D1-C0D2-464F-9EF0-DEA51FAA4B72}.Release|Any CPU.Build.0 = Release|Any CPU
		{C86401D1-C0D2-464F-9EF0-DEA51FAA4B72}.Release|x64.ActiveCfg = Release|Any CPU
		{C86401D1-C0D2-464F-9EF0-DEA51FAA4B72}.Release|x64.Build.0 = Release|Any CPU
		{C86401D1-C0D2-464F-9EF0-DEA51FAA4B72}.Release|x86.ActiveCfg = Release|Any CPU
		{C86401D1-C0D2-464F-9EF0-DEA51FAA4B72}.Release|x86.Build.0 = Release|Any CPU
		{6121B8DF-DC5A-42AE-A429-22C8FC4C7A03}.Debug|Any CPU.ActiveCfg = Debug|Any CPU
		{6121B8DF-DC5A-42AE-A429-22C8FC4C7A03}.Debug|Any CPU.Build.0 = Debug|Any CPU
		{6121B8DF-DC5A-42AE-A429-22C8FC4C7A03}.Debug|x64.ActiveCfg = Debug|Any CPU
		{6121B8DF-DC5A-42AE-A429-22C8FC4C7A03}.Debug|x64.Build.0 = Debug|Any CPU
		{6121B8DF-DC5A-42AE-A429-22C8FC4C7A03}.Debug|x86.ActiveCfg = Debug|Any CPU
		{6121B8DF-DC5A-42AE-A429-22C8FC4C7A03}.Debug|x86.Build.0 = Debug|Any CPU
		{6121B8DF-DC5A-42AE-A429-22C8FC4C7A03}.Release|Any CPU.ActiveCfg = Release|Any CPU
		{6121B8DF-DC5A-42AE-A429-22C8FC4C7A03}.Release|Any CPU.Build.0 = Release|Any CPU
		{6121B8DF-DC5A-42AE-A429-22C8FC4C7A03}.Release|x64.ActiveCfg = Release|Any CPU
		{6121B8DF-DC5A-42AE-A429-22C8FC4C7A03}.Release|x64.Build.0 = Release|Any CPU
		{6121B8DF-DC5A-42AE-A429-22C8FC4C7A03}.Release|x86.ActiveCfg = Release|Any CPU
		{6121B8DF-DC5A-42AE-A429-22C8FC4C7A03}.Release|x86.Build.0 = Release|Any CPU
		{579FC16B-6F9E-4DAC-95C3-E4FAFA734333}.Debug|Any CPU.ActiveCfg = Debug|Any CPU
		{579FC16B-6F9E-4DAC-95C3-E4FAFA734333}.Debug|Any CPU.Build.0 = Debug|Any CPU
		{579FC16B-6F9E-4DAC-95C3-E4FAFA734333}.Debug|x64.ActiveCfg = Debug|Any CPU
		{579FC16B-6F9E-4DAC-95C3-E4FAFA734333}.Debug|x64.Build.0 = Debug|Any CPU
		{579FC16B-6F9E-4DAC-95C3-E4FAFA734333}.Debug|x86.ActiveCfg = Debug|Any CPU
		{579FC16B-6F9E-4DAC-95C3-E4FAFA734333}.Debug|x86.Build.0 = Debug|Any CPU
		{579FC16B-6F9E-4DAC-95C3-E4FAFA734333}.Release|Any CPU.ActiveCfg = Release|Any CPU
		{579FC16B-6F9E-4DAC-95C3-E4FAFA734333}.Release|Any CPU.Build.0 = Release|Any CPU
		{579FC16B-6F9E-4DAC-95C3-E4FAFA734333}.Release|x64.ActiveCfg = Release|Any CPU
		{579FC16B-6F9E-4DAC-95C3-E4FAFA734333}.Release|x64.Build.0 = Release|Any CPU
		{579FC16B-6F9E-4DAC-95C3-E4FAFA734333}.Release|x86.ActiveCfg = Release|Any CPU
		{579FC16B-6F9E-4DAC-95C3-E4FAFA734333}.Release|x86.Build.0 = Release|Any CPU
		{9F47042B-2193-403B-B5AA-44022F2A724D}.Debug|Any CPU.ActiveCfg = Debug|Any CPU
		{9F47042B-2193-403B-B5AA-44022F2A724D}.Debug|Any CPU.Build.0 = Debug|Any CPU
		{9F47042B-2193-403B-B5AA-44022F2A724D}.Debug|x64.ActiveCfg = Debug|Any CPU
		{9F47042B-2193-403B-B5AA-44022F2A724D}.Debug|x64.Build.0 = Debug|Any CPU
		{9F47042B-2193-403B-B5AA-44022F2A724D}.Debug|x86.ActiveCfg = Debug|Any CPU
		{9F47042B-2193-403B-B5AA-44022F2A724D}.Debug|x86.Build.0 = Debug|Any CPU
		{9F47042B-2193-403B-B5AA-44022F2A724D}.Release|Any CPU.ActiveCfg = Release|Any CPU
		{9F47042B-2193-403B-B5AA-44022F2A724D}.Release|Any CPU.Build.0 = Release|Any CPU
		{9F47042B-2193-403B-B5AA-44022F2A724D}.Release|x64.ActiveCfg = Release|Any CPU
		{9F47042B-2193-403B-B5AA-44022F2A724D}.Release|x64.Build.0 = Release|Any CPU
		{9F47042B-2193-403B-B5AA-44022F2A724D}.Release|x86.ActiveCfg = Release|Any CPU
		{9F47042B-2193-403B-B5AA-44022F2A724D}.Release|x86.Build.0 = Release|Any CPU
		{2071ADD0-9FDE-4855-AE5C-71B224403346}.Debug|Any CPU.ActiveCfg = Debug|Any CPU
		{2071ADD0-9FDE-4855-AE5C-71B224403346}.Debug|Any CPU.Build.0 = Debug|Any CPU
		{2071ADD0-9FDE-4855-AE5C-71B224403346}.Debug|x64.ActiveCfg = Debug|Any CPU
		{2071ADD0-9FDE-4855-AE5C-71B224403346}.Debug|x64.Build.0 = Debug|Any CPU
		{2071ADD0-9FDE-4855-AE5C-71B224403346}.Debug|x86.ActiveCfg = Debug|Any CPU
		{2071ADD0-9FDE-4855-AE5C-71B224403346}.Debug|x86.Build.0 = Debug|Any CPU
		{2071ADD0-9FDE-4855-AE5C-71B224403346}.Release|Any CPU.ActiveCfg = Release|Any CPU
		{2071ADD0-9FDE-4855-AE5C-71B224403346}.Release|Any CPU.Build.0 = Release|Any CPU
		{2071ADD0-9FDE-4855-AE5C-71B224403346}.Release|x64.ActiveCfg = Release|Any CPU
		{2071ADD0-9FDE-4855-AE5C-71B224403346}.Release|x64.Build.0 = Release|Any CPU
		{2071ADD0-9FDE-4855-AE5C-71B224403346}.Release|x86.ActiveCfg = Release|Any CPU
		{2071ADD0-9FDE-4855-AE5C-71B224403346}.Release|x86.Build.0 = Release|Any CPU
		{2F531A29-6C30-43B6-B638-EA3AD70EA2D5}.Debug|Any CPU.ActiveCfg = Debug|Any CPU
		{2F531A29-6C30-43B6-B638-EA3AD70EA2D5}.Debug|Any CPU.Build.0 = Debug|Any CPU
		{2F531A29-6C30-43B6-B638-EA3AD70EA2D5}.Debug|x64.ActiveCfg = Debug|Any CPU
		{2F531A29-6C30-43B6-B638-EA3AD70EA2D5}.Debug|x64.Build.0 = Debug|Any CPU
		{2F531A29-6C30-43B6-B638-EA3AD70EA2D5}.Debug|x86.ActiveCfg = Debug|Any CPU
		{2F531A29-6C30-43B6-B638-EA3AD70EA2D5}.Debug|x86.Build.0 = Debug|Any CPU
		{2F531A29-6C30-43B6-B638-EA3AD70EA2D5}.Release|Any CPU.ActiveCfg = Release|Any CPU
		{2F531A29-6C30-43B6-B638-EA3AD70EA2D5}.Release|Any CPU.Build.0 = Release|Any CPU
		{2F531A29-6C30-43B6-B638-EA3AD70EA2D5}.Release|x64.ActiveCfg = Release|Any CPU
		{2F531A29-6C30-43B6-B638-EA3AD70EA2D5}.Release|x64.Build.0 = Release|Any CPU
		{2F531A29-6C30-43B6-B638-EA3AD70EA2D5}.Release|x86.ActiveCfg = Release|Any CPU
		{2F531A29-6C30-43B6-B638-EA3AD70EA2D5}.Release|x86.Build.0 = Release|Any CPU
		{639B2E49-B75A-414B-BB4F-B2C9393E67F3}.Debug|Any CPU.ActiveCfg = Debug|Any CPU
		{639B2E49-B75A-414B-BB4F-B2C9393E67F3}.Debug|Any CPU.Build.0 = Debug|Any CPU
		{639B2E49-B75A-414B-BB4F-B2C9393E67F3}.Debug|x64.ActiveCfg = Debug|Any CPU
		{639B2E49-B75A-414B-BB4F-B2C9393E67F3}.Debug|x64.Build.0 = Debug|Any CPU
		{639B2E49-B75A-414B-BB4F-B2C9393E67F3}.Debug|x86.ActiveCfg = Debug|Any CPU
		{639B2E49-B75A-414B-BB4F-B2C9393E67F3}.Debug|x86.Build.0 = Debug|Any CPU
		{639B2E49-B75A-414B-BB4F-B2C9393E67F3}.Release|Any CPU.ActiveCfg = Release|Any CPU
		{639B2E49-B75A-414B-BB4F-B2C9393E67F3}.Release|Any CPU.Build.0 = Release|Any CPU
		{639B2E49-B75A-414B-BB4F-B2C9393E67F3}.Release|x64.ActiveCfg = Release|Any CPU
		{639B2E49-B75A-414B-BB4F-B2C9393E67F3}.Release|x64.Build.0 = Release|Any CPU
		{639B2E49-B75A-414B-BB4F-B2C9393E67F3}.Release|x86.ActiveCfg = Release|Any CPU
		{639B2E49-B75A-414B-BB4F-B2C9393E67F3}.Release|x86.Build.0 = Release|Any CPU
		{0A6548C8-1339-4CD2-AAE6-52D44DD659C6}.Debug|Any CPU.ActiveCfg = Debug|Any CPU
		{0A6548C8-1339-4CD2-AAE6-52D44DD659C6}.Debug|Any CPU.Build.0 = Debug|Any CPU
		{0A6548C8-1339-4CD2-AAE6-52D44DD659C6}.Debug|x64.ActiveCfg = Debug|Any CPU
		{0A6548C8-1339-4CD2-AAE6-52D44DD659C6}.Debug|x64.Build.0 = Debug|Any CPU
		{0A6548C8-1339-4CD2-AAE6-52D44DD659C6}.Debug|x86.ActiveCfg = Debug|Any CPU
		{0A6548C8-1339-4CD2-AAE6-52D44DD659C6}.Debug|x86.Build.0 = Debug|Any CPU
		{0A6548C8-1339-4CD2-AAE6-52D44DD659C6}.Release|Any CPU.ActiveCfg = Release|Any CPU
		{0A6548C8-1339-4CD2-AAE6-52D44DD659C6}.Release|Any CPU.Build.0 = Release|Any CPU
		{0A6548C8-1339-4CD2-AAE6-52D44DD659C6}.Release|x64.ActiveCfg = Release|Any CPU
		{0A6548C8-1339-4CD2-AAE6-52D44DD659C6}.Release|x64.Build.0 = Release|Any CPU
		{0A6548C8-1339-4CD2-AAE6-52D44DD659C6}.Release|x86.ActiveCfg = Release|Any CPU
		{0A6548C8-1339-4CD2-AAE6-52D44DD659C6}.Release|x86.Build.0 = Release|Any CPU
		{53392BA9-88C1-4764-A74B-EFE964CA9483}.Debug|Any CPU.ActiveCfg = Debug|Any CPU
		{53392BA9-88C1-4764-A74B-EFE964CA9483}.Debug|Any CPU.Build.0 = Debug|Any CPU
		{53392BA9-88C1-4764-A74B-EFE964CA9483}.Debug|x64.ActiveCfg = Debug|Any CPU
		{53392BA9-88C1-4764-A74B-EFE964CA9483}.Debug|x64.Build.0 = Debug|Any CPU
		{53392BA9-88C1-4764-A74B-EFE964CA9483}.Debug|x86.ActiveCfg = Debug|Any CPU
		{53392BA9-88C1-4764-A74B-EFE964CA9483}.Debug|x86.Build.0 = Debug|Any CPU
		{53392BA9-88C1-4764-A74B-EFE964CA9483}.Release|Any CPU.ActiveCfg = Release|Any CPU
		{53392BA9-88C1-4764-A74B-EFE964CA9483}.Release|Any CPU.Build.0 = Release|Any CPU
		{53392BA9-88C1-4764-A74B-EFE964CA9483}.Release|x64.ActiveCfg = Release|Any CPU
		{53392BA9-88C1-4764-A74B-EFE964CA9483}.Release|x64.Build.0 = Release|Any CPU
		{53392BA9-88C1-4764-A74B-EFE964CA9483}.Release|x86.ActiveCfg = Release|Any CPU
		{53392BA9-88C1-4764-A74B-EFE964CA9483}.Release|x86.Build.0 = Release|Any CPU
		{C15DB2A3-07B1-487A-AED8-46F2712074B2}.Debug|Any CPU.ActiveCfg = Debug|Any CPU
		{C15DB2A3-07B1-487A-AED8-46F2712074B2}.Debug|Any CPU.Build.0 = Debug|Any CPU
		{C15DB2A3-07B1-487A-AED8-46F2712074B2}.Debug|x64.ActiveCfg = Debug|Any CPU
		{C15DB2A3-07B1-487A-AED8-46F2712074B2}.Debug|x64.Build.0 = Debug|Any CPU
		{C15DB2A3-07B1-487A-AED8-46F2712074B2}.Debug|x86.ActiveCfg = Debug|Any CPU
		{C15DB2A3-07B1-487A-AED8-46F2712074B2}.Debug|x86.Build.0 = Debug|Any CPU
		{C15DB2A3-07B1-487A-AED8-46F2712074B2}.Release|Any CPU.ActiveCfg = Release|Any CPU
		{C15DB2A3-07B1-487A-AED8-46F2712074B2}.Release|Any CPU.Build.0 = Release|Any CPU
		{C15DB2A3-07B1-487A-AED8-46F2712074B2}.Release|x64.ActiveCfg = Release|Any CPU
		{C15DB2A3-07B1-487A-AED8-46F2712074B2}.Release|x64.Build.0 = Release|Any CPU
		{C15DB2A3-07B1-487A-AED8-46F2712074B2}.Release|x86.ActiveCfg = Release|Any CPU
		{C15DB2A3-07B1-487A-AED8-46F2712074B2}.Release|x86.Build.0 = Release|Any CPU
	EndGlobalSection
	GlobalSection(SolutionProperties) = preSolution
		HideSolutionNode = FALSE
	EndGlobalSection
	GlobalSection(NestedProjects) = preSolution
		{C6060653-9E5F-419A-A99E-4EE993432869} = {67B8A1D2-5A50-5736-52DD-9D9A34D0DA04}
		{8F5BE0E9-5837-4936-AF5B-C455A80966A4} = {67B8A1D2-5A50-5736-52DD-9D9A34D0DA04}
		{ABE0AB9C-C889-44FB-B688-895B572D5900} = {E1946B8B-9621-72C3-A77D-A6124974051D}
		{88B5EC33-B84A-4630-A618-A84F9D1FA926} = {E1946B8B-9621-72C3-A77D-A6124974051D}
		{732FC8FE-57F3-49CD-A3A2-0D9D0FF510AA} = {E1946B8B-9621-72C3-A77D-A6124974051D}
		{084E971E-4006-4BC9-BB46-DB749DAA4114} = {0DB07EDC-AFDA-8452-3367-F069F3762722}
		{A51EEC6C-7844-44BC-BDC8-FA8688A19D20} = {50CD010F-40D4-1449-534B-5C79CC5DAE27}
		{D90DD713-CF53-4D36-809A-4E6C4B5CFAD9} = {50CD010F-40D4-1449-534B-5C79CC5DAE27}
		{604ECA49-3C93-4169-B698-EAC6508E8420} = {50CD010F-40D4-1449-534B-5C79CC5DAE27}
		{7A92049B-F4B3-4B33-B927-C8F6787FB175} = {E62FCD5F-F89D-73B8-D1F6-28D451B68C72}
		{516E7109-7F83-4BE3-B265-291412BF7086} = {E62FCD5F-F89D-73B8-D1F6-28D451B68C72}
		{CBC104AC-4D2E-4BFD-BC77-07145B6ADA27} = {CFA65404-C589-CB6D-8894-DB0340D61797}
		{83F25EDF-A1F1-4D18-85E5-D1F4B794DA5D} = {CFA65404-C589-CB6D-8894-DB0340D61797}
		{C86401D1-C0D2-464F-9EF0-DEA51FAA4B72} = {CFA65404-C589-CB6D-8894-DB0340D61797}
		{6121B8DF-DC5A-42AE-A429-22C8FC4C7A03} = {CFA65404-C589-CB6D-8894-DB0340D61797}
		{579FC16B-6F9E-4DAC-95C3-E4FAFA734333} = {5CFE8942-1CA3-BC22-74BA-7D9B1B847685}
		{9F47042B-2193-403B-B5AA-44022F2A724D} = {5CFE8942-1CA3-BC22-74BA-7D9B1B847685}
		{2071ADD0-9FDE-4855-AE5C-71B224403346} = {5CFE8942-1CA3-BC22-74BA-7D9B1B847685}
		{2F531A29-6C30-43B6-B638-EA3AD70EA2D5} = {5CFE8942-1CA3-BC22-74BA-7D9B1B847685}
		{0A6548C8-1339-4CD2-AAE6-52D44DD659C6} = {60CBB05A-DC1E-B0BC-7C53-816C24F296FF}
		{53392BA9-88C1-4764-A74B-EFE964CA9483} = {60CBB05A-DC1E-B0BC-7C53-816C24F296FF}
		{C15DB2A3-07B1-487A-AED8-46F2712074B2} = {8A5C2E4B-4E88-99D5-2855-F0599E5AA6BB}
	EndGlobalSection
EndGlobal
