
Microsoft Visual Studio Solution File, Format Version 12.00
# Visual Studio Version 17
VisualStudioVersion = 17.0.31903.59
MinimumVisualStudioVersion = 10.0.40219.1
Project("{2150E333-8FDC-42A3-9474-1A3956D46DE8}") = "HVO.Playground", "HVO.Playground", "{E62FCD5F-F89D-73B8-D1F6-28D451B68C72}"
EndProject
Project("{FAE04EC0-301F-11D3-BF4B-00C04F79EFBC}") = "HVO.GpioTestApp", "HVO.Playground\HVO.GpioTestApp\HVO.GpioTestApp.csproj", "{7A92049B-F4B3-4B33-B927-C8F6787FB175}"
EndProject
Project("{FAE04EC0-301F-11D3-BF4B-00C04F79EFBC}") = "HVO.Playground.CLI", "HVO.Playground\HVO.Playground.CLI\HVO.Playground.CLI.csproj", "{516E7109-7F83-4BE3-B265-291412BF7086}"
EndProject
Project("{2150E333-8FDC-42A3-9474-1A3956D46DE8}") = "HVO.SkyMonitorV5", "HVO.SkyMonitorV5", "{5CFE8942-1CA3-BC22-74BA-7D9B1B847685}"
EndProject
Project("{FAE04EC0-301F-11D3-BF4B-00C04F79EFBC}") = "HVO.SkyMonitorV5.RPi.Stress", "HVO.SkyMonitorV5\HVO.SkyMonitorV5.RPi.Stress\HVO.SkyMonitorV5.RPi.Stress.csproj", "{579FC16B-6F9E-4DAC-95C3-E4FAFA734333}"
EndProject
Project("{FAE04EC0-301F-11D3-BF4B-00C04F79EFBC}") = "HVO.SkyMonitorV5.RPi", "HVO.SkyMonitorV5\HVO.SkyMonitorV5.RPi\HVO.SkyMonitorV5.RPi.csproj", "{9F47042B-2193-403B-B5AA-44022F2A724D}"
EndProject
Project("{FAE04EC0-301F-11D3-BF4B-00C04F79EFBC}") = "HVO.SkyMonitorV5.Data", "HVO.SkyMonitorV5\HVO.SkyMonitorV5.Data\HVO.SkyMonitorV5.Data.csproj", "{2071ADD0-9FDE-4855-AE5C-71B224403346}"
EndProject
Project("{FAE04EC0-301F-11D3-BF4B-00C04F79EFBC}") = "HVO.SkyMonitorV5.RPi.Tests", "HVO.SkyMonitorV5\HVO.SkyMonitorV5.RPi.Tests\HVO.SkyMonitorV5.RPi.Tests.csproj", "{2F531A29-6C30-43B6-B638-EA3AD70EA2D5}"
EndProject
Project("{2150E333-8FDC-42A3-9474-1A3956D46DE8}") = "HVO.SkyMonitorV4", "HVO.SkyMonitorV4", "{60CBB05A-DC1E-B0BC-7C53-816C24F296FF}"
EndProject
Project("{FAE04EC0-301F-11D3-BF4B-00C04F79EFBC}") = "HVO.SkyMonitorV4.CLI", "HVO.SkyMonitorV4\HVO.SkyMonitorV4.CLI\HVO.SkyMonitorV4.CLI.csproj", "{0A6548C8-1339-4CD2-AAE6-52D44DD659C6}"
EndProject
Project("{FAE04EC0-301F-11D3-BF4B-00C04F79EFBC}") = "HVO.SkyMonitorV4.RPi", "HVO.SkyMonitorV4\HVO.SkyMonitorV4.RPi\HVO.SkyMonitorV4.RPi.csproj", "{53392BA9-88C1-4764-A74B-EFE964CA9483}"
EndProject
Global
	GlobalSection(SolutionConfigurationPlatforms) = preSolution
		Debug|Any CPU = Debug|Any CPU
		Debug|x64 = Debug|x64
		Debug|x86 = Debug|x86
		Release|Any CPU = Release|Any CPU
		Release|x64 = Release|x64
		Release|x86 = Release|x86
	EndGlobalSection
	GlobalSection(ProjectConfigurationPlatforms) = postSolution
		{7A92049B-F4B3-4B33-B927-C8F6787FB175}.Debug|Any CPU.ActiveCfg = Debug|Any CPU
		{7A92049B-F4B3-4B33-B927-C8F6787FB175}.Debug|Any CPU.Build.0 = Debug|Any CPU
		{7A92049B-F4B3-4B33-B927-C8F6787FB175}.Debug|x64.ActiveCfg = Debug|Any CPU
		{7A92049B-F4B3-4B33-B927-C8F6787FB175}.Debug|x64.Build.0 = Debug|Any CPU
		{7A92049B-F4B3-4B33-B927-C8F6787FB175}.Debug|x86.ActiveCfg = Debug|Any CPU
		{7A92049B-F4B3-4B33-B927-C8F6787FB175}.Debug|x86.Build.0 = Debug|Any CPU
		{7A92049B-F4B3-4B33-B927-C8F6787FB175}.Release|Any CPU.ActiveCfg = Release|Any CPU
		{7A92049B-F4B3-4B33-B927-C8F6787FB175}.Release|Any CPU.Build.0 = Release|Any CPU
		{7A92049B-F4B3-4B33-B927-C8F6787FB175}.Release|x64.ActiveCfg = Release|Any CPU
		{7A92049B-F4B3-4B33-B927-C8F6787FB175}.Release|x64.Build.0 = Release|Any CPU
		{7A92049B-F4B3-4B33-B927-C8F6787FB175}.Release|x86.ActiveCfg = Release|Any CPU
		{7A92049B-F4B3-4B33-B927-C8F6787FB175}.Release|x86.Build.0 = Release|Any CPU
		{516E7109-7F83-4BE3-B265-291412BF7086}.Debug|Any CPU.ActiveCfg = Debug|Any CPU
		{516E7109-7F83-4BE3-B265-291412BF7086}.Debug|Any CPU.Build.0 = Debug|Any CPU
		{516E7109-7F83-4BE3-B265-291412BF7086}.Debug|x64.ActiveCfg = Debug|Any CPU
		{516E7109-7F83-4BE3-B265-291412BF7086}.Debug|x64.Build.0 = Debug|Any CPU
		{516E7109-7F83-4BE3-B265-291412BF7086}.Debug|x86.ActiveCfg = Debug|Any CPU
		{516E7109-7F83-4BE3-B265-291412BF7086}.Debug|x86.Build.0 = Debug|Any CPU
		{516E7109-7F83-4BE3-B265-291412BF7086}.Release|Any CPU.ActiveCfg = Release|Any CPU
		{516E7109-7F83-4BE3-B265-291412BF7086}.Release|Any CPU.Build.0 = Release|Any CPU
		{516E7109-7F83-4BE3-B265-291412BF7086}.Release|x64.ActiveCfg = Release|Any CPU
		{516E7109-7F83-4BE3-B265-291412BF7086}.Release|x64.Build.0 = Release|Any CPU
		{516E7109-7F83-4BE3-B265-291412BF7086}.Release|x86.ActiveCfg = Release|Any CPU
		{516E7109-7F83-4BE3-B265-291412BF7086}.Release|x86.Build.0 = Release|Any CPU
		{579FC16B-6F9E-4DAC-95C3-E4FAFA734333}.Debug|Any CPU.ActiveCfg = Debug|Any CPU
		{579FC16B-6F9E-4DAC-95C3-E4FAFA734333}.Debug|Any CPU.Build.0 = Debug|Any CPU
		{579FC16B-6F9E-4DAC-95C3-E4FAFA734333}.Debug|x64.ActiveCfg = Debug|Any CPU
		{579FC16B-6F9E-4DAC-95C3-E4FAFA734333}.Debug|x64.Build.0 = Debug|Any CPU
		{579FC16B-6F9E-4DAC-95C3-E4FAFA734333}.Debug|x86.ActiveCfg = Debug|Any CPU
		{579FC16B-6F9E-4DAC-95C3-E4FAFA734333}.Debug|x86.Build.0 = Debug|Any CPU
		{579FC16B-6F9E-4DAC-95C3-E4FAFA734333}.Release|Any CPU.ActiveCfg = Release|Any CPU
		{579FC16B-6F9E-4DAC-95C3-E4FAFA734333}.Release|Any CPU.Build.0 = Release|Any CPU
		{579FC16B-6F9E-4DAC-95C3-E4FAFA734333}.Release|x64.ActiveCfg = Release|Any CPU
		{579FC16B-6F9E-4DAC-95C3-E4FAFA734333}.Release|x64.Build.0 = Release|Any CPU
		{579FC16B-6F9E-4DAC-95C3-E4FAFA734333}.Release|x86.ActiveCfg = Release|Any CPU
		{579FC16B-6F9E-4DAC-95C3-E4FAFA734333}.Release|x86.Build.0 = Release|Any CPU
		{9F47042B-2193-403B-B5AA-44022F2A724D}.Debug|Any CPU.ActiveCfg = Debug|Any CPU
		{9F47042B-2193-403B-B5AA-44022F2A724D}.Debug|Any CPU.Build.0 = Debug|Any CPU
		{9F47042B-2193-403B-B5AA-44022F2A724D}.Debug|x64.ActiveCfg = Debug|Any CPU
		{9F47042B-2193-403B-B5AA-44022F2A724D}.Debug|x64.Build.0 = Debug|Any CPU
		{9F47042B-2193-403B-B5AA-44022F2A724D}.Debug|x86.ActiveCfg = Debug|Any CPU
		{9F47042B-2193-403B-B5AA-44022F2A724D}.Debug|x86.Build.0 = Debug|Any CPU
		{9F47042B-2193-403B-B5AA-44022F2A724D}.Release|Any CPU.ActiveCfg = Release|Any CPU
		{9F47042B-2193-403B-B5AA-44022F2A724D}.Release|Any CPU.Build.0 = Release|Any CPU
		{9F47042B-2193-403B-B5AA-44022F2A724D}.Release|x64.ActiveCfg = Release|Any CPU
		{9F47042B-2193-403B-B5AA-44022F2A724D}.Release|x64.Build.0 = Release|Any CPU
		{9F47042B-2193-403B-B5AA-44022F2A724D}.Release|x86.ActiveCfg = Release|Any CPU
		{9F47042B-2193-403B-B5AA-44022F2A724D}.Release|x86.Build.0 = Release|Any CPU
		{2071ADD0-9FDE-4855-AE5C-71B224403346}.Debug|Any CPU.ActiveCfg = Debug|Any CPU
		{2071ADD0-9FDE-4855-AE5C-71B224403346}.Debug|Any CPU.Build.0 = Debug|Any CPU
		{2071ADD0-9FDE-4855-AE5C-71B224403346}.Debug|x64.ActiveCfg = Debug|Any CPU
		{2071ADD0-9FDE-4855-AE5C-71B224403346}.Debug|x64.Build.0 = Debug|Any CPU
		{2071ADD0-9FDE-4855-AE5C-71B224403346}.Debug|x86.ActiveCfg = Debug|Any CPU
		{2071ADD0-9FDE-4855-AE5C-71B224403346}.Debug|x86.Build.0 = Debug|Any CPU
		{2071ADD0-9FDE-4855-AE5C-71B224403346}.Release|Any CPU.ActiveCfg = Release|Any CPU
		{2071ADD0-9FDE-4855-AE5C-71B224403346}.Release|Any CPU.Build.0 = Release|Any CPU
		{2071ADD0-9FDE-4855-AE5C-71B224403346}.Release|x64.ActiveCfg = Release|Any CPU
		{2071ADD0-9FDE-4855-AE5C-71B224403346}.Release|x64.Build.0 = Release|Any CPU
		{2071ADD0-9FDE-4855-AE5C-71B224403346}.Release|x86.ActiveCfg = Release|Any CPU
		{2071ADD0-9FDE-4855-AE5C-71B224403346}.Release|x86.Build.0 = Release|Any CPU
		{2F531A29-6C30-43B6-B638-EA3AD70EA2D5}.Debug|Any CPU.ActiveCfg = Debug|Any CPU
		{2F531A29-6C30-43B6-B638-EA3AD70EA2D5}.Debug|Any CPU.Build.0 = Debug|Any CPU
		{2F531A29-6C30-43B6-B638-EA3AD70EA2D5}.Debug|x64.ActiveCfg = Debug|Any CPU
		{2F531A29-6C30-43B6-B638-EA3AD70EA2D5}.Debug|x64.Build.0 = Debug|Any CPU
		{2F531A29-6C30-43B6-B638-EA3AD70EA2D5}.Debug|x86.ActiveCfg = Debug|Any CPU
		{2F531A29-6C30-43B6-B638-EA3AD70EA2D5}.Debug|x86.Build.0 = Debug|Any CPU
		{2F531A29-6C30-43B6-B638-EA3AD70EA2D5}.Release|Any CPU.ActiveCfg = Release|Any CPU
		{2F531A29-6C30-43B6-B638-EA3AD70EA2D5}.Release|Any CPU.Build.0 = Release|Any CPU
		{2F531A29-6C30-43B6-B638-EA3AD70EA2D5}.Release|x64.ActiveCfg = Release|Any CPU
		{2F531A29-6C30-43B6-B638-EA3AD70EA2D5}.Release|x64.Build.0 = Release|Any CPU
		{2F531A29-6C30-43B6-B638-EA3AD70EA2D5}.Release|x86.ActiveCfg = Release|Any CPU
		{2F531A29-6C30-43B6-B638-EA3AD70EA2D5}.Release|x86.Build.0 = Release|Any CPU
		{0A6548C8-1339-4CD2-AAE6-52D44DD659C6}.Debug|Any CPU.ActiveCfg = Debug|Any CPU
		{0A6548C8-1339-4CD2-AAE6-52D44DD659C6}.Debug|Any CPU.Build.0 = Debug|Any CPU
		{0A6548C8-1339-4CD2-AAE6-52D44DD659C6}.Debug|x64.ActiveCfg = Debug|Any CPU
		{0A6548C8-1339-4CD2-AAE6-52D44DD659C6}.Debug|x64.Build.0 = Debug|Any CPU
		{0A6548C8-1339-4CD2-AAE6-52D44DD659C6}.Debug|x86.ActiveCfg = Debug|Any CPU
		{0A6548C8-1339-4CD2-AAE6-52D44DD659C6}.Debug|x86.Build.0 = Debug|Any CPU
		{0A6548C8-1339-4CD2-AAE6-52D44DD659C6}.Release|Any CPU.ActiveCfg = Release|Any CPU
		{0A6548C8-1339-4CD2-AAE6-52D44DD659C6}.Release|Any CPU.Build.0 = Release|Any CPU
		{0A6548C8-1339-4CD2-AAE6-52D44DD659C6}.Release|x64.ActiveCfg = Release|Any CPU
		{0A6548C8-1339-4CD2-AAE6-52D44DD659C6}.Release|x64.Build.0 = Release|Any CPU
		{0A6548C8-1339-4CD2-AAE6-52D44DD659C6}.Release|x86.ActiveCfg = Release|Any CPU
		{0A6548C8-1339-4CD2-AAE6-52D44DD659C6}.Release|x86.Build.0 = Release|Any CPU
		{53392BA9-88C1-4764-A74B-EFE964CA9483}.Debug|Any CPU.ActiveCfg = Debug|Any CPU
		{53392BA9-88C1-4764-A74B-EFE964CA9483}.Debug|Any CPU.Build.0 = Debug|Any CPU
		{53392BA9-88C1-4764-A74B-EFE964CA9483}.Debug|x64.ActiveCfg = Debug|Any CPU
		{53392BA9-88C1-4764-A74B-EFE964CA9483}.Debug|x64.Build.0 = Debug|Any CPU
		{53392BA9-88C1-4764-A74B-EFE964CA9483}.Debug|x86.ActiveCfg = Debug|Any CPU
		{53392BA9-88C1-4764-A74B-EFE964CA9483}.Debug|x86.Build.0 = Debug|Any CPU
		{53392BA9-88C1-4764-A74B-EFE964CA9483}.Release|Any CPU.ActiveCfg = Release|Any CPU
		{53392BA9-88C1-4764-A74B-EFE964CA9483}.Release|Any CPU.Build.0 = Release|Any CPU
		{53392BA9-88C1-4764-A74B-EFE964CA9483}.Release|x64.ActiveCfg = Release|Any CPU
		{53392BA9-88C1-4764-A74B-EFE964CA9483}.Release|x64.Build.0 = Release|Any CPU
		{53392BA9-88C1-4764-A74B-EFE964CA9483}.Release|x86.ActiveCfg = Release|Any CPU
		{53392BA9-88C1-4764-A74B-EFE964CA9483}.Release|x86.Build.0 = Release|Any CPU
	EndGlobalSection
	GlobalSection(SolutionProperties) = preSolution
		HideSolutionNode = FALSE
	EndGlobalSection
	GlobalSection(NestedProjects) = preSolution
		{7A92049B-F4B3-4B33-B927-C8F6787FB175} = {E62FCD5F-F89D-73B8-D1F6-28D451B68C72}
		{516E7109-7F83-4BE3-B265-291412BF7086} = {E62FCD5F-F89D-73B8-D1F6-28D451B68C72}
		{579FC16B-6F9E-4DAC-95C3-E4FAFA734333} = {5CFE8942-1CA3-BC22-74BA-7D9B1B847685}
		{9F47042B-2193-403B-B5AA-44022F2A724D} = {5CFE8942-1CA3-BC22-74BA-7D9B1B847685}
		{2071ADD0-9FDE-4855-AE5C-71B224403346} = {5CFE8942-1CA3-BC22-74BA-7D9B1B847685}
		{2F531A29-6C30-43B6-B638-EA3AD70EA2D5} = {5CFE8942-1CA3-BC22-74BA-7D9B1B847685}
		{0A6548C8-1339-4CD2-AAE6-52D44DD659C6} = {60CBB05A-DC1E-B0BC-7C53-816C24F296FF}
		{53392BA9-88C1-4764-A74B-EFE964CA9483} = {60CBB05A-DC1E-B0BC-7C53-816C24F296FF}
	EndGlobalSection
EndGlobal
